
Microsoft Visual Studio Solution File, Format Version 12.00
# Visual Studio Version 17
VisualStudioVersion = 17.14.36623.8
MinimumVisualStudioVersion = 10.0.40219.1
Project("{FAE04EC0-301F-11D3-BF4B-00C04F79EFBC}") = "DVLD", "DVLD\DVLD.csproj", "{0351CDA0-4CB8-48F3-8202-DF01BA744D7C}"
EndProject
Project("{FAE04EC0-301F-11D3-BF4B-00C04F79EFBC}") = "DVLD_Buisness", "DVLD_Buisness\DVLD_Buisness.csproj", "{F5EE4949-3702-4945-9D38-5599A946E06B}"
EndProject
Project("{FAE04EC0-301F-11D3-BF4B-00C04F79EFBC}") = "DVLD_DataAccess", "DVLD_DataAccess\DVLD_DataAccess.csproj", "{A1003AAE-40AD-45A5-92BD-DFEFC22AE172}"
EndProject
Global
	GlobalSection(SolutionConfigurationPlatforms) = preSolution
		Debug|Any CPU = Debug|Any CPU
		Release|Any CPU = Release|Any CPU
	EndGlobalSection
	GlobalSection(ProjectConfigurationPlatforms) = postSolution
		{0351CDA0-4CB8-48F3-8202-DF01BA744D7C}.Debug|Any CPU.ActiveCfg = Debug|Any CPU
		{0351CDA0-4CB8-48F3-8202-DF01BA744D7C}.Debug|Any CPU.Build.0 = Debug|Any CPU
		{0351CDA0-4CB8-48F3-8202-DF01BA744D7C}.Release|Any CPU.ActiveCfg = Release|Any CPU
		{0351CDA0-4CB8-48F3-8202-DF01BA744D7C}.Release|Any CPU.Build.0 = Release|Any CPU
		{F5EE4949-3702-4945-9D38-5599A946E06B}.Debug|Any CPU.ActiveCfg = Debug|Any CPU
		{F5EE4949-3702-4945-9D38-5599A946E06B}.Debug|Any CPU.Build.0 = Debug|Any CPU
		{F5EE4949-3702-4945-9D38-5599A946E06B}.Release|Any CPU.ActiveCfg = Release|Any CPU
		{F5EE4949-3702-4945-9D38-5599A946E06B}.Release|Any CPU.Build.0 = Release|Any CPU
		{A1003AAE-40AD-45A5-92BD-DFEFC22AE172}.Debug|Any CPU.ActiveCfg = Debug|Any CPU
		{A1003AAE-40AD-45A5-92BD-DFEFC22AE172}.Debug|Any CPU.Build.0 = Debug|Any CPU
		{A1003AAE-40AD-45A5-92BD-DFEFC22AE172}.Release|Any CPU.ActiveCfg = Release|Any CPU
		{A1003AAE-40AD-45A5-92BD-DFEFC22AE172}.Release|Any CPU.Build.0 = Release|Any CPU
	EndGlobalSection
	GlobalSection(SolutionProperties) = preSolution
		HideSolutionNode = FALSE
	EndGlobalSection
	GlobalSection(ExtensibilityGlobals) = postSolution
		SolutionGuid = {C2C67F7D-2446-4D3A-B112-2F1CA3F6BD37}
	EndGlobalSection
EndGlobal
